// !$*UTF8*$!
{
	archiveVersion = 1;
	classes = {
	};
	objectVersion = 46;
	objects = {

/* Begin PBXBuildFile section */
		8C3223C81C79A6D5004714AB /* assist2.c in Sources */ = {isa = PBXBuildFile; fileRef = 8C3223C61C79A6D5004714AB /* assist2.c */; };
		8CA8205B1C6CF02000B60494 /* main.c in Sources */ = {isa = PBXBuildFile; fileRef = 8CA8205A1C6CF02000B60494 /* main.c */; };
		8CFA858F1C7BD0D000692C44 /* assist.c in Sources */ = {isa = PBXBuildFile; fileRef = 8CA820611C6CF06C00B60494 /* assist.c */; };
/* End PBXBuildFile section */

/* Begin PBXCopyFilesBuildPhase section */
		8CD412E91C7C519900149D24 /* Copy Files */ = {
			isa = PBXCopyFilesBuildPhase;
			buildActionMask = 12;
			dstPath = "";
			dstSubfolderSpec = 7;
			files = (
			);
			name = "Copy Files";
			runOnlyForDeploymentPostprocessing = 0;
		};
/* End PBXCopyFilesBuildPhase section */

/* Begin PBXFileReference section */
		8C0DEACA1C7C6E8A008E134D /* assist.txt */ = {isa = PBXFileReference; fileEncoding = 4; lastKnownFileType = text; path = assist.txt; sourceTree = "<group>"; };
		8C3223C61C79A6D5004714AB /* assist2.c */ = {isa = PBXFileReference; fileEncoding = 4; lastKnownFileType = sourcecode.c.c; path = assist2.c; sourceTree = "<group>"; };
		8C3223C71C79A6D5004714AB /* assist2.h */ = {isa = PBXFileReference; fileEncoding = 4; lastKnownFileType = sourcecode.c.h; path = assist2.h; sourceTree = "<group>"; };
		8CA820571C6CF02000B60494 /* helloworldc */ = {isa = PBXFileReference; explicitFileType = "compiled.mach-o.executable"; includeInIndex = 0; path = helloworldc; sourceTree = BUILT_PRODUCTS_DIR; };
		8CA8205A1C6CF02000B60494 /* main.c */ = {isa = PBXFileReference; lastKnownFileType = sourcecode.c.c; path = main.c; sourceTree = "<group>"; };
		8CA820611C6CF06C00B60494 /* assist.c */ = {isa = PBXFileReference; fileEncoding = 4; lastKnownFileType = sourcecode.c.c; path = assist.c; sourceTree = "<group>"; };
		8CFA85911C7BDE4700692C44 /* assist.h */ = {isa = PBXFileReference; fileEncoding = 4; lastKnownFileType = sourcecode.c.h; path = assist.h; sourceTree = "<group>"; };
/* End PBXFileReference section */

/* Begin PBXFrameworksBuildPhase section */
		8CA820541C6CF02000B60494 /* Frameworks */ = {
			isa = PBXFrameworksBuildPhase;
			buildActionMask = 2147483647;
			files = (
			);
			runOnlyForDeploymentPostprocessing = 0;
		};
/* End PBXFrameworksBuildPhase section */

/* Begin PBXGroup section */
		8CA8204E1C6CF02000B60494 = {
			isa = PBXGroup;
			children = (
				8CA820591C6CF02000B60494 /* helloworldc */,
				8CA820581C6CF02000B60494 /* Products */,
			);
			sourceTree = "<group>";
		};
		8CA820581C6CF02000B60494 /* Products */ = {
			isa = PBXGroup;
			children = (
				8CA820571C6CF02000B60494 /* helloworldc */,
			);
			name = Products;
			sourceTree = "<group>";
		};
		8CA820591C6CF02000B60494 /* helloworldc */ = {
			isa = PBXGroup;
			children = (
				8C0DEACA1C7C6E8A008E134D /* assist.txt */,
				8CFA85911C7BDE4700692C44 /* assist.h */,
				8CA8205A1C6CF02000B60494 /* main.c */,
				8CA820611C6CF06C00B60494 /* assist.c */,
				8C3223C61C79A6D5004714AB /* assist2.c */,
				8C3223C71C79A6D5004714AB /* assist2.h */,
			);
			path = helloworldc;
			sourceTree = "<group>";
		};
/* End PBXGroup section */

/* Begin PBXNativeTarget section */
		8CA820561C6CF02000B60494 /* helloworldc */ = {
			isa = PBXNativeTarget;
			buildConfigurationList = 8CA8205E1C6CF02000B60494 /* Build configuration list for PBXNativeTarget "helloworldc" */;
			buildPhases = (
				8CA820531C6CF02000B60494 /* Sources */,
				8CA820541C6CF02000B60494 /* Frameworks */,
				8CD412E91C7C519900149D24 /* Copy Files */,
			);
			buildRules = (
			);
			dependencies = (
			);
			name = helloworldc;
			productName = helloworldc;
			productReference = 8CA820571C6CF02000B60494 /* helloworldc */;
			productType = "com.apple.product-type.tool";
		};
/* End PBXNativeTarget section */

/* Begin PBXProject section */
		8CA8204F1C6CF02000B60494 /* Project object */ = {
			isa = PBXProject;
			attributes = {
				LastUpgradeCheck = 0640;
				ORGANIZATIONNAME = monkey;
				TargetAttributes = {
					8CA820561C6CF02000B60494 = {
						CreatedOnToolsVersion = 6.4;
					};
				};
			};
			buildConfigurationList = 8CA820521C6CF02000B60494 /* Build configuration list for PBXProject "helloworldc" */;
			compatibilityVersion = "Xcode 3.2";
			developmentRegion = English;
			hasScannedForEncodings = 0;
			knownRegions = (
				en,
			);
			mainGroup = 8CA8204E1C6CF02000B60494;
			productRefGroup = 8CA820581C6CF02000B60494 /* Products */;
			projectDirPath = "";
			projectRoot = "";
			targets = (
				8CA820561C6CF02000B60494 /* helloworldc */,
			);
		};
/* End PBXProject section */

/* Begin PBXSourcesBuildPhase section */
		8CA820531C6CF02000B60494 /* Sources */ = {
			isa = PBXSourcesBuildPhase;
			buildActionMask = 2147483647;
			files = (
				8CFA858F1C7BD0D000692C44 /* assist.c in Sources */,
				8C3223C81C79A6D5004714AB /* assist2.c in Sources */,
				8CA8205B1C6CF02000B60494 /* main.c in Sources */,
			);
			runOnlyForDeploymentPostprocessing = 0;
		};
/* End PBXSourcesBuildPhase section */

/* Begin XCBuildConfiguration section */
		8CA8205C1C6CF02000B60494 /* Debug */ = {
			isa = XCBuildConfiguration;
			buildSettings = {
				ALWAYS_SEARCH_USER_PATHS = NO;
				CLANG_CXX_LANGUAGE_STANDARD = "gnu++0x";
				CLANG_CXX_LIBRARY = "libc++";
				CLANG_ENABLE_MODULES = YES;
				CLANG_ENABLE_OBJC_ARC = YES;
				CLANG_WARN_BOOL_CONVERSION = YES;
				CLANG_WARN_CONSTANT_CONVERSION = YES;
				CLANG_WARN_DIRECT_OBJC_ISA_USAGE = YES_ERROR;
				CLANG_WARN_EMPTY_BODY = YES;
				CLANG_WARN_ENUM_CONVERSION = YES;
				CLANG_WARN_INT_CONVERSION = YES;
				CLANG_WARN_OBJC_ROOT_CLASS = YES_ERROR;
				CLANG_WARN_UNREACHABLE_CODE = YES;
				CLANG_WARN__DUPLICATE_METHOD_MATCH = YES;
				COPY_PHASE_STRIP = NO;
				DEBUG_INFORMATION_FORMAT = dwarf;
				ENABLE_STRICT_OBJC_MSGSEND = YES;
				GCC_C_LANGUAGE_STANDARD = gnu99;
				GCC_DYNAMIC_NO_PIC = NO;
				GCC_NO_COMMON_BLOCKS = YES;
				GCC_OPTIMIZATION_LEVEL = 0;
				GCC_PREPROCESSOR_DEFINITIONS = (
					"DEBUG=1",
					"$(inherited)",
				);
				GCC_SYMBOLS_PRIVATE_EXTERN = NO;
				GCC_WARN_64_TO_32_BIT_CONVERSION = YES;
				GCC_WARN_ABOUT_RETURN_TYPE = YES_ERROR;
				GCC_WARN_UNDECLARED_SELECTOR = YES;
				GCC_WARN_UNINITIALIZED_AUTOS = YES_AGGRESSIVE;
				GCC_WARN_UNUSED_FUNCTION = YES;
				GCC_WARN_UNUSED_VARIABLE = YES;
				MACOSX_DEPLOYMENT_TARGET = 10.10;
				MTL_ENABLE_DEBUG_INFO = YES;
				ONLY_ACTIVE_ARCH = YES;
				SDKROOT = macosx;
			};
			name = Debug;
		};
		8CA8205D1C6CF02000B60494 /* Release */ = {
			isa = XCBuildConfiguration;
			buildSettings = {
				ALWAYS_SEARCH_USER_PATHS = NO;
				CLANG_CXX_LANGUAGE_STANDARD = "gnu++0x";
				CLANG_CXX_LIBRARY = "libc++";
				CLANG_ENABLE_MODULES = YES;
				CLANG_ENABLE_OBJC_ARC = YES;
				CLANG_WARN_BOOL_CONVERSION = YES;
				CLANG_WARN_CONSTANT_CONVERSION = YES;
				CLANG_WARN_DIRECT_OBJC_ISA_USAGE = YES_ERROR;
				CLANG_WARN_EMPTY_BODY = YES;
				CLANG_WARN_ENUM_CONVERSION = YES;
				CLANG_WARN_INT_CONVERSION = YES;
				CLANG_WARN_OBJC_ROOT_CLASS = YES_ERROR;
				CLANG_WARN_UNREACHABLE_CODE = YES;
				CLANG_WARN__DUPLICATE_METHOD_MATCH = YES;
				COPY_PHASE_STRIP = NO;
				DEBUG_INFORMATION_FORMAT = "dwarf-with-dsym";
				ENABLE_NS_ASSERTIONS = NO;
				ENABLE_STRICT_OBJC_MSGSEND = YES;
				GCC_C_LANGUAGE_STANDARD = gnu99;
				GCC_NO_COMMON_BLOCKS = YES;
				GCC_WARN_64_TO_32_BIT_CONVERSION = YES;
				GCC_WARN_ABOUT_RETURN_TYPE = YES_ERROR;
				GCC_WARN_UNDECLARED_SELECTOR = YES;
				GCC_WARN_UNINITIALIZED_AUTOS = YES_AGGRESSIVE;
				GCC_WARN_UNUSED_FUNCTION = YES;
				GCC_WARN_UNUSED_VARIABLE = YES;
				MACOSX_DEPLOYMENT_TARGET = 10.10;
				MTL_ENABLE_DEBUG_INFO = NO;
				SDKROOT = macosx;
			};
			name = Release;
		};
		8CA8205F1C6CF02000B60494 /* Debug */ = {
			isa = XCBuildConfiguration;
			buildSettings = {
				ALWAYS_SEARCH_USER_PATHS = NO;
				HEADER_SEARCH_PATHS = "";
				PRODUCT_NAME = "$(TARGET_NAME)";
				USER_HEADER_SEARCH_PATHS = ./helloworldc/ddd;
			};
			name = Debug;
		};
		8CA820601C6CF02000B60494 /* Release */ = {
			isa = XCBuildConfiguration;
			buildSettings = {
				ALWAYS_SEARCH_USER_PATHS = NO;
				HEADER_SEARCH_PATHS = "";
				PRODUCT_NAME = "$(TARGET_NAME)";
				USER_HEADER_SEARCH_PATHS = ./helloworldc/ddd;
			};
			name = Release;
		};
/* End XCBuildConfiguration section */

/* Begin XCConfigurationList section */
		8CA820521C6CF02000B60494 /* Build configuration list for PBXProject "helloworldc" */ = {
			isa = XCConfigurationList;
			buildConfigurations = (
				8CA8205C1C6CF02000B60494 /* Debug */,
				8CA8205D1C6CF02000B60494 /* Release */,
			);
			defaultConfigurationIsVisible = 0;
			defaultConfigurationName = Release;
		};
		8CA8205E1C6CF02000B60494 /* Build configuration list for PBXNativeTarget "helloworldc" */ = {
			isa = XCConfigurationList;
			buildConfigurations = (
				8CA8205F1C6CF02000B60494 /* Debug */,
				8CA820601C6CF02000B60494 /* Release */,
			);
			defaultConfigurationIsVisible = 0;
			defaultConfigurationName = Release;
		};
/* End XCConfigurationList section */
	};
	rootObject = 8CA8204F1C6CF02000B60494 /* Project object */;
}
